
Microsoft Visual Studio Solution File, Format Version 12.00
# Visual Studio Version 17
VisualStudioVersion = 17.11.35222.181
MinimumVisualStudioVersion = 10.0.40219.1
Project("{FAE04EC0-301F-11D3-BF4B-00C04F79EFBC}") = "WindowsFormsApp1", "WindowsFormsApp1\WindowsFormsApp1.csproj", "{1B540236-ABF0-40D3-9DF5-71A19E6516AF}"
EndProject
Global
	GlobalSection(SolutionConfigurationPlatforms) = preSolution
		Debug|Any CPU = Debug|Any CPU
		Release|Any CPU = Release|Any CPU
	EndGlobalSection
	GlobalSection(ProjectConfigurationPlatforms) = postSolution
		{1B540236-ABF0-40D3-9DF5-71A19E6516AF}.Debug|Any CPU.ActiveCfg = Debug|Any CPU
		{1B540236-ABF0-40D3-9DF5-71A19E6516AF}.Debug|Any CPU.Build.0 = Debug|Any CPU
		{1B540236-ABF0-40D3-9DF5-71A19E6516AF}.Release|Any CPU.ActiveCfg = Release|Any CPU
		{1B540236-ABF0-40D3-9DF5-71A19E6516AF}.Release|Any CPU.Build.0 = Release|Any CPU
	EndGlobalSection
	GlobalSection(SolutionProperties) = preSolution
		HideSolutionNode = FALSE
	EndGlobalSection
	GlobalSection(ExtensibilityGlobals) = postSolution
		SolutionGuid = {594F9E0D-6C8A-48D6-A0B7-4DE2F7BFA743}
	EndGlobalSection
EndGlobal
